
Microsoft Visual Studio Solution File, Format Version 12.00
# Visual Studio Version 16
VisualStudioVersion = 16.0.29613.14
MinimumVisualStudioVersion = 10.0.40219.1
Project("{FAE04EC0-301F-11D3-BF4B-00C04F79EFBC}") = "OOP_Polymorphism", "OOP_Polymorphism\OOP_Polymorphism.csproj", "{FC4C09CF-313D-4A14-9FCA-31D0BCDD588B}"
EndProject
Global
	GlobalSection(SolutionConfigurationPlatforms) = preSolution
		Debug|Any CPU = Debug|Any CPU
		Release|Any CPU = Release|Any CPU
	EndGlobalSection
	GlobalSection(ProjectConfigurationPlatforms) = postSolution
		{FC4C09CF-313D-4A14-9FCA-31D0BCDD588B}.Debug|Any CPU.ActiveCfg = Debug|Any CPU
		{FC4C09CF-313D-4A14-9FCA-31D0BCDD588B}.Debug|Any CPU.Build.0 = Debug|Any CPU
		{FC4C09CF-313D-4A14-9FCA-31D0BCDD588B}.Release|Any CPU.ActiveCfg = Release|Any CPU
		{FC4C09CF-313D-4A14-9FCA-31D0BCDD588B}.Release|Any CPU.Build.0 = Release|Any CPU
	EndGlobalSection
	GlobalSection(SolutionProperties) = preSolution
		HideSolutionNode = FALSE
	EndGlobalSection
	GlobalSection(ExtensibilityGlobals) = postSolution
		SolutionGuid = {219A986F-0976-48F0-B7DB-F8B58CAA2EF7}
	EndGlobalSection
EndGlobal
