
Microsoft Visual Studio Solution File, Format Version 12.00
# Visual Studio Version 16
VisualStudioVersion = 16.0.29613.14
MinimumVisualStudioVersion = 10.0.40219.1
Project("{FAE04EC0-301F-11D3-BF4B-00C04F79EFBC}") = "OOP_Class", "OOP_Class\OOP_Class.csproj", "{5BF9EDD2-389E-465A-8AA8-C4020DFA15A2}"
EndProject
Global
	GlobalSection(SolutionConfigurationPlatforms) = preSolution
		Debug|Any CPU = Debug|Any CPU
		Release|Any CPU = Release|Any CPU
	EndGlobalSection
	GlobalSection(ProjectConfigurationPlatforms) = postSolution
		{5BF9EDD2-389E-465A-8AA8-C4020DFA15A2}.Debug|Any CPU.ActiveCfg = Debug|Any CPU
		{5BF9EDD2-389E-465A-8AA8-C4020DFA15A2}.Debug|Any CPU.Build.0 = Debug|Any CPU
		{5BF9EDD2-389E-465A-8AA8-C4020DFA15A2}.Release|Any CPU.ActiveCfg = Release|Any CPU
		{5BF9EDD2-389E-465A-8AA8-C4020DFA15A2}.Release|Any CPU.Build.0 = Release|Any CPU
	EndGlobalSection
	GlobalSection(SolutionProperties) = preSolution
		HideSolutionNode = FALSE
	EndGlobalSection
	GlobalSection(ExtensibilityGlobals) = postSolution
		SolutionGuid = {55BBA773-433F-40F6-ADD6-58814BD1C309}
	EndGlobalSection
EndGlobal
