
Microsoft Visual Studio Solution File, Format Version 12.00
# Visual Studio Version 16
VisualStudioVersion = 16.0.29613.14
MinimumVisualStudioVersion = 10.0.40219.1
Project("{FAE04EC0-301F-11D3-BF4B-00C04F79EFBC}") = "OOP_Interfaces", "OOP_Interfaces\OOP_Interfaces.csproj", "{F697DF4F-135A-4A92-8048-13D7A8BD808E}"
EndProject
Global
	GlobalSection(SolutionConfigurationPlatforms) = preSolution
		Debug|Any CPU = Debug|Any CPU
		Release|Any CPU = Release|Any CPU
	EndGlobalSection
	GlobalSection(ProjectConfigurationPlatforms) = postSolution
		{F697DF4F-135A-4A92-8048-13D7A8BD808E}.Debug|Any CPU.ActiveCfg = Debug|Any CPU
		{F697DF4F-135A-4A92-8048-13D7A8BD808E}.Debug|Any CPU.Build.0 = Debug|Any CPU
		{F697DF4F-135A-4A92-8048-13D7A8BD808E}.Release|Any CPU.ActiveCfg = Release|Any CPU
		{F697DF4F-135A-4A92-8048-13D7A8BD808E}.Release|Any CPU.Build.0 = Release|Any CPU
	EndGlobalSection
	GlobalSection(SolutionProperties) = preSolution
		HideSolutionNode = FALSE
	EndGlobalSection
	GlobalSection(ExtensibilityGlobals) = postSolution
		SolutionGuid = {FECCDD3B-052D-48CF-9A3F-CFACF693FE99}
	EndGlobalSection
EndGlobal
