
Microsoft Visual Studio Solution File, Format Version 12.00
# Visual Studio Version 16
VisualStudioVersion = 16.0.29613.14
MinimumVisualStudioVersion = 10.0.40219.1
Project("{FAE04EC0-301F-11D3-BF4B-00C04F79EFBC}") = "OOP_Enum", "OOP_Enum\OOP_Enum.csproj", "{9014DCEE-65D7-467F-B98C-9057125DEEC5}"
EndProject
Global
	GlobalSection(SolutionConfigurationPlatforms) = preSolution
		Debug|Any CPU = Debug|Any CPU
		Release|Any CPU = Release|Any CPU
	EndGlobalSection
	GlobalSection(ProjectConfigurationPlatforms) = postSolution
		{9014DCEE-65D7-467F-B98C-9057125DEEC5}.Debug|Any CPU.ActiveCfg = Debug|Any CPU
		{9014DCEE-65D7-467F-B98C-9057125DEEC5}.Debug|Any CPU.Build.0 = Debug|Any CPU
		{9014DCEE-65D7-467F-B98C-9057125DEEC5}.Release|Any CPU.ActiveCfg = Release|Any CPU
		{9014DCEE-65D7-467F-B98C-9057125DEEC5}.Release|Any CPU.Build.0 = Release|Any CPU
	EndGlobalSection
	GlobalSection(SolutionProperties) = preSolution
		HideSolutionNode = FALSE
	EndGlobalSection
	GlobalSection(ExtensibilityGlobals) = postSolution
		SolutionGuid = {73AA9C62-7A2A-4EC1-9C67-88BEB55406BC}
	EndGlobalSection
EndGlobal
