
Microsoft Visual Studio Solution File, Format Version 12.00
# Visual Studio Version 16
VisualStudioVersion = 16.0.29613.14
MinimumVisualStudioVersion = 10.0.40219.1
Project("{FAE04EC0-301F-11D3-BF4B-00C04F79EFBC}") = "StringClass", "StringClass\StringClass.csproj", "{AA4B87B3-E6A4-49F2-B144-B5CF3440AB9C}"
EndProject
Project("{FAE04EC0-301F-11D3-BF4B-00C04F79EFBC}") = "DateTimeMetotlar", "DateTimeMetotlar\DateTimeMetotlar.csproj", "{1B4A8CD5-553A-4F8C-803C-946CFA1D8B7A}"
EndProject
Project("{FAE04EC0-301F-11D3-BF4B-00C04F79EFBC}") = "MathClass", "MathClass\MathClass.csproj", "{ABDFCF83-AAD9-4806-9894-77A22C84FC9A}"
EndProject
Global
	GlobalSection(SolutionConfigurationPlatforms) = preSolution
		Debug|Any CPU = Debug|Any CPU
		Release|Any CPU = Release|Any CPU
	EndGlobalSection
	GlobalSection(ProjectConfigurationPlatforms) = postSolution
		{AA4B87B3-E6A4-49F2-B144-B5CF3440AB9C}.Debug|Any CPU.ActiveCfg = Debug|Any CPU
		{AA4B87B3-E6A4-49F2-B144-B5CF3440AB9C}.Debug|Any CPU.Build.0 = Debug|Any CPU
		{AA4B87B3-E6A4-49F2-B144-B5CF3440AB9C}.Release|Any CPU.ActiveCfg = Release|Any CPU
		{AA4B87B3-E6A4-49F2-B144-B5CF3440AB9C}.Release|Any CPU.Build.0 = Release|Any CPU
		{1B4A8CD5-553A-4F8C-803C-946CFA1D8B7A}.Debug|Any CPU.ActiveCfg = Debug|Any CPU
		{1B4A8CD5-553A-4F8C-803C-946CFA1D8B7A}.Debug|Any CPU.Build.0 = Debug|Any CPU
		{1B4A8CD5-553A-4F8C-803C-946CFA1D8B7A}.Release|Any CPU.ActiveCfg = Release|Any CPU
		{1B4A8CD5-553A-4F8C-803C-946CFA1D8B7A}.Release|Any CPU.Build.0 = Release|Any CPU
		{ABDFCF83-AAD9-4806-9894-77A22C84FC9A}.Debug|Any CPU.ActiveCfg = Debug|Any CPU
		{ABDFCF83-AAD9-4806-9894-77A22C84FC9A}.Debug|Any CPU.Build.0 = Debug|Any CPU
		{ABDFCF83-AAD9-4806-9894-77A22C84FC9A}.Release|Any CPU.ActiveCfg = Release|Any CPU
		{ABDFCF83-AAD9-4806-9894-77A22C84FC9A}.Release|Any CPU.Build.0 = Release|Any CPU
	EndGlobalSection
	GlobalSection(SolutionProperties) = preSolution
		HideSolutionNode = FALSE
	EndGlobalSection
	GlobalSection(ExtensibilityGlobals) = postSolution
		SolutionGuid = {07160BE6-EFCA-4A75-8F49-EE43A0C11BDD}
	EndGlobalSection
EndGlobal
